
Microsoft Visual Studio Solution File, Format Version 12.00
# Visual Studio Version 16
VisualStudioVersion = 16.0.31911.196
MinimumVisualStudioVersion = 10.0.40219.1
Project("{8BC9CEB8-8B4A-11D0-8D11-00A0C91BC942}") = "MyLab7", "MyLab7\MyLab7.vcxproj", "{73E73FB9-2A57-414B-A12B-8613CDA07218}"
EndProject
Global
	GlobalSection(SolutionConfigurationPlatforms) = preSolution
		Debug|x64 = Debug|x64
		Debug|x86 = Debug|x86
		Release|x64 = Release|x64
		Release|x86 = Release|x86
	EndGlobalSection
	GlobalSection(ProjectConfigurationPlatforms) = postSolution
		{73E73FB9-2A57-414B-A12B-8613CDA07218}.Debug|x64.ActiveCfg = Debug|x64
		{73E73FB9-2A57-414B-A12B-8613CDA07218}.Debug|x64.Build.0 = Debug|x64
		{73E73FB9-2A57-414B-A12B-8613CDA07218}.Debug|x86.ActiveCfg = Debug|Win32
		{73E73FB9-2A57-414B-A12B-8613CDA07218}.Debug|x86.Build.0 = Debug|Win32
		{73E73FB9-2A57-414B-A12B-8613CDA07218}.Release|x64.ActiveCfg = Release|x64
		{73E73FB9-2A57-414B-A12B-8613CDA07218}.Release|x64.Build.0 = Release|x64
		{73E73FB9-2A57-414B-A12B-8613CDA07218}.Release|x86.ActiveCfg = Release|Win32
		{73E73FB9-2A57-414B-A12B-8613CDA07218}.Release|x86.Build.0 = Release|Win32
	EndGlobalSection
	GlobalSection(SolutionProperties) = preSolution
		HideSolutionNode = FALSE
	EndGlobalSection
	GlobalSection(ExtensibilityGlobals) = postSolution
		SolutionGuid = {86EBADE1-3375-44D3-8B2F-B48D357CDF8F}
	EndGlobalSection
EndGlobal
